
Microsoft Visual Studio Solution File, Format Version 12.00
# Visual Studio 15
VisualStudioVersion = 15.0.28307.329
MinimumVisualStudioVersion = 10.0.40219.1
Project("{FAE04EC0-301F-11D3-BF4B-00C04F79EFBC}") = "CadastroDeFornecedores", "CadastroDeFornecedores\CadastroDeFornecedores.csproj", "{A8EB2F89-1293-416E-B330-90DB7594F8B3}"
EndProject
Global
	GlobalSection(SolutionConfigurationPlatforms) = preSolution
		Debug|Any CPU = Debug|Any CPU
		Release|Any CPU = Release|Any CPU
	EndGlobalSection
	GlobalSection(ProjectConfigurationPlatforms) = postSolution
		{A8EB2F89-1293-416E-B330-90DB7594F8B3}.Debug|Any CPU.ActiveCfg = Debug|Any CPU
		{A8EB2F89-1293-416E-B330-90DB7594F8B3}.Debug|Any CPU.Build.0 = Debug|Any CPU
		{A8EB2F89-1293-416E-B330-90DB7594F8B3}.Release|Any CPU.ActiveCfg = Release|Any CPU
		{A8EB2F89-1293-416E-B330-90DB7594F8B3}.Release|Any CPU.Build.0 = Release|Any CPU
	EndGlobalSection
	GlobalSection(SolutionProperties) = preSolution
		HideSolutionNode = FALSE
	EndGlobalSection
	GlobalSection(ExtensibilityGlobals) = postSolution
		SolutionGuid = {A3C2EFE5-F71F-4A51-B931-054C2308EB32}
	EndGlobalSection
EndGlobal
